{
  "version": 4,
  "terraform_version": "1.11.4",
  "serial": 267,
  "lineage": "4ab79cc5-8d3a-bcbe-200b-81786dd31cbf",
  "outputs": {
    "node_ips": {
      "value": {
        "master": "192.168.10.159",
        "worker1": "192.168.10.158",
        "worker2": "192.168.10.157"
      },
      "type": [
        "object",
        {
          "master": "string",
          "worker1": "string",
          "worker2": "string"
        }
      ]
    }
  },
  "resources": [
    {
      "mode": "managed",
      "type": "null_resource",
      "name": "connect_worker",
      "provider": "provider[\"registry.terraform.io/hashicorp/null\"]",
      "instances": [
        {
          "index_key": 0,
          "schema_version": 0,
          "attributes": {
            "id": "3352706867253522059",
            "triggers": null
          },
          "sensitive_attributes": [],
          "dependencies": [
            "null_resource.connect_workers_script",
            "virtualbox_vm.node"
          ]
        },
        {
          "index_key": 1,
          "schema_version": 0,
          "attributes": {
            "id": "5827029453675893806",
            "triggers": null
          },
          "sensitive_attributes": [],
          "dependencies": [
            "null_resource.connect_workers_script",
            "virtualbox_vm.node"
          ]
        }
      ]
    },
    {
      "mode": "managed",
      "type": "null_resource",
      "name": "connect_workers_script",
      "provider": "provider[\"registry.terraform.io/hashicorp/null\"]",
      "instances": [
        {
          "schema_version": 0,
          "attributes": {
            "id": "4371430989848654454",
            "triggers": null
          },
          "sensitive_attributes": [],
          "dependencies": [
            "virtualbox_vm.node"
          ]
        }
      ]
    },
    {
      "mode": "managed",
      "type": "null_resource",
      "name": "copy_kubeconfig",
      "provider": "provider[\"registry.terraform.io/hashicorp/null\"]",
      "instances": [
        {
          "schema_version": 0,
          "attributes": {
            "id": "275929981624898119",
            "triggers": null
          },
          "sensitive_attributes": [],
          "dependencies": [
            "virtualbox_vm.node"
          ]
        }
      ]
    },
    {
      "mode": "managed",
      "type": "virtualbox_vm",
      "name": "node",
      "provider": "provider[\"registry.terraform.io/terra-farm/virtualbox\"]",
      "instances": [
        {
          "index_key": 0,
          "schema_version": 0,
          "attributes": {
            "boot_order": null,
            "checksum": null,
            "checksum_type": null,
            "cpus": 2,
            "id": "913a2992-893b-441f-8ef1-a5d6783fd671",
            "image": "./images/focal-server-cloudimg-amd64-vagrant.box",
            "memory": "2.0 gib",
            "name": "master",
            "network_adapter": [
              {
                "device": "IntelPro1000MTServer",
                "host_interface": "wlp0s20f3",
                "ipv4_address": "192.168.10.159",
                "ipv4_address_available": "yes",
                "mac_address": "0800273AF609",
                "status": "up",
                "type": "bridged"
              }
            ],
            "optical_disks": null,
            "status": "running",
            "url": null,
            "user_data": null
          },
          "sensitive_attributes": [],
          "private": "bnVsbA=="
        },
        {
          "index_key": 1,
          "schema_version": 0,
          "attributes": {
            "boot_order": null,
            "checksum": null,
            "checksum_type": null,
            "cpus": 2,
            "id": "cb6af70c-abdb-4a5c-8229-fc43c4cd084e",
            "image": "./images/focal-server-cloudimg-amd64-vagrant.box",
            "memory": "2.0 gib",
            "name": "worker1",
            "network_adapter": [
              {
                "device": "IntelPro1000MTServer",
                "host_interface": "wlp0s20f3",
                "ipv4_address": "192.168.10.158",
                "ipv4_address_available": "yes",
                "mac_address": "080027041461",
                "status": "up",
                "type": "bridged"
              }
            ],
            "optical_disks": null,
            "status": "running",
            "url": null,
            "user_data": null
          },
          "sensitive_attributes": [],
          "private": "bnVsbA=="
        },
        {
          "index_key": 2,
          "schema_version": 0,
          "attributes": {
            "boot_order": null,
            "checksum": null,
            "checksum_type": null,
            "cpus": 2,
            "id": "57640b62-5069-4cba-a994-0059683012fe",
            "image": "./images/focal-server-cloudimg-amd64-vagrant.box",
            "memory": "2.0 gib",
            "name": "worker2",
            "network_adapter": [
              {
                "device": "IntelPro1000MTServer",
                "host_interface": "wlp0s20f3",
                "ipv4_address": "192.168.10.157",
                "ipv4_address_available": "yes",
                "mac_address": "080027724A8E",
                "status": "up",
                "type": "bridged"
              }
            ],
            "optical_disks": null,
            "status": "running",
            "url": null,
            "user_data": null
          },
          "sensitive_attributes": [],
          "private": "bnVsbA=="
        }
      ]
    }
  ],
  "check_results": null
}
