{
  "version": 4,
  "terraform_version": "1.11.4",
  "serial": 299,
  "lineage": "4ab79cc5-8d3a-bcbe-200b-81786dd31cbf",
  "outputs": {
    "node_ips": {
      "value": {
        "master": "192.168.10.167",
        "worker1": "192.168.10.166",
        "worker2": "192.168.10.165"
      },
      "type": [
        "object",
        {
          "master": "string",
          "worker1": "string",
          "worker2": "string"
        }
      ]
    }
  },
  "resources": [
    {
      "mode": "managed",
      "type": "null_resource",
      "name": "connect_worker",
      "provider": "provider[\"registry.terraform.io/hashicorp/null\"]",
      "instances": [
        {
          "index_key": 0,
          "status": "tainted",
          "schema_version": 0,
          "attributes": {
            "id": "484879811968847821",
            "triggers": null
          },
          "sensitive_attributes": [],
          "dependencies": [
            "null_resource.connect_workers_script",
            "virtualbox_vm.node"
          ]
        },
        {
          "index_key": 1,
          "schema_version": 0,
          "attributes": {
            "id": "2301235671605497291",
            "triggers": null
          },
          "sensitive_attributes": [],
          "dependencies": [
            "null_resource.connect_workers_script",
            "virtualbox_vm.node"
          ]
        }
      ]
    },
    {
      "mode": "managed",
      "type": "null_resource",
      "name": "connect_workers_script",
      "provider": "provider[\"registry.terraform.io/hashicorp/null\"]",
      "instances": [
        {
          "schema_version": 0,
          "attributes": {
            "id": "2365318830210685978",
            "triggers": null
          },
          "sensitive_attributes": [],
          "dependencies": [
            "virtualbox_vm.node"
          ]
        }
      ]
    },
    {
      "mode": "managed",
      "type": "null_resource",
      "name": "copy_kubeconfig",
      "provider": "provider[\"registry.terraform.io/hashicorp/null\"]",
      "instances": [
        {
          "schema_version": 0,
          "attributes": {
            "id": "7701566824848317856",
            "triggers": null
          },
          "sensitive_attributes": [],
          "dependencies": [
            "virtualbox_vm.node"
          ]
        }
      ]
    },
    {
      "mode": "managed",
      "type": "virtualbox_vm",
      "name": "node",
      "provider": "provider[\"registry.terraform.io/terra-farm/virtualbox\"]",
      "instances": [
        {
          "index_key": 0,
          "schema_version": 0,
          "attributes": {
            "boot_order": null,
            "checksum": null,
            "checksum_type": null,
            "cpus": 2,
            "id": "d68ebadc-381e-4e35-b55a-e2fbef1e8087",
            "image": "./images/focal-server-cloudimg-amd64-vagrant.box",
            "memory": "2.0 gib",
            "name": "master",
            "network_adapter": [
              {
                "device": "IntelPro1000MTServer",
                "host_interface": "wlp0s20f3",
                "ipv4_address": "192.168.10.167",
                "ipv4_address_available": "yes",
                "mac_address": "0800273F178E",
                "status": "up",
                "type": "bridged"
              }
            ],
            "optical_disks": null,
            "status": "running",
            "url": null,
            "user_data": null
          },
          "sensitive_attributes": [],
          "private": "bnVsbA=="
        },
        {
          "index_key": 1,
          "schema_version": 0,
          "attributes": {
            "boot_order": null,
            "checksum": null,
            "checksum_type": null,
            "cpus": 2,
            "id": "81165665-0ea5-4c84-8b35-e5dc9ac858cf",
            "image": "./images/focal-server-cloudimg-amd64-vagrant.box",
            "memory": "2.0 gib",
            "name": "worker1",
            "network_adapter": [
              {
                "device": "IntelPro1000MTServer",
                "host_interface": "wlp0s20f3",
                "ipv4_address": "192.168.10.166",
                "ipv4_address_available": "yes",
                "mac_address": "080027F8FC62",
                "status": "up",
                "type": "bridged"
              }
            ],
            "optical_disks": null,
            "status": "running",
            "url": null,
            "user_data": null
          },
          "sensitive_attributes": [],
          "private": "bnVsbA=="
        },
        {
          "index_key": 2,
          "schema_version": 0,
          "attributes": {
            "boot_order": null,
            "checksum": null,
            "checksum_type": null,
            "cpus": 2,
            "id": "0de4260d-57a7-4b1a-bcc3-ed85d5aeba50",
            "image": "./images/focal-server-cloudimg-amd64-vagrant.box",
            "memory": "2.0 gib",
            "name": "worker2",
            "network_adapter": [
              {
                "device": "IntelPro1000MTServer",
                "host_interface": "wlp0s20f3",
                "ipv4_address": "192.168.10.165",
                "ipv4_address_available": "yes",
                "mac_address": "080027D0C865",
                "status": "up",
                "type": "bridged"
              }
            ],
            "optical_disks": null,
            "status": "running",
            "url": null,
            "user_data": null
          },
          "sensitive_attributes": [],
          "private": "bnVsbA=="
        }
      ]
    }
  ],
  "check_results": null
}
